// !$*UTF8*$!
{
	archiveVersion = 1;
	classes = {
	};
	objectVersion = 56;
	objects = {

/* Begin PBXBuildFile section */
		A14F31CB2C9D917B008FC5E6 /* prog0asm.o in Frameworks */ = {isa = PBXBuildFile; fileRef = A14F31CA2C9D917B008FC5E6 /* prog0asm.o */; };
		A158E7082C981BE9002D5A60 /* _ng_font1.c in Sources */ = {isa = PBXBuildFile; fileRef = A158E7072C981BE9002D5A60 /* _ng_font1.c */; };
		A18E30042C9F4B3B00CBF85F /* prog0.c in Sources */ = {isa = PBXBuildFile; fileRef = A19534F22C9A0EA2005751E8 /* prog0.c */; };
		A1B635982C975D4E00E84AD7 /* libglfw.3.3.dylib in Frameworks */ = {isa = PBXBuildFile; fileRef = A1B635972C975D4E00E84AD7 /* libglfw.3.3.dylib */; };
		A1B635992C975D4E00E84AD7 /* libglfw.3.3.dylib in Embed Libraries */ = {isa = PBXBuildFile; fileRef = A1B635972C975D4E00E84AD7 /* libglfw.3.3.dylib */; settings = {ATTRIBUTES = (CodeSignOnCopy, ); }; };
		A1B635A82C975DA700E84AD7 /* ng_window.c in Sources */ = {isa = PBXBuildFile; fileRef = A1B6359C2C975DA700E84AD7 /* ng_window.c */; };
		A1B635A92C975DA700E84AD7 /* ngraphics.c in Sources */ = {isa = PBXBuildFile; fileRef = A1B6359D2C975DA700E84AD7 /* ngraphics.c */; };
		A1B635AA2C975DA700E84AD7 /* ng_texture.c in Sources */ = {isa = PBXBuildFile; fileRef = A1B6359E2C975DA700E84AD7 /* ng_texture.c */; };
		A1B635AB2C975DA700E84AD7 /* ng_font.c in Sources */ = {isa = PBXBuildFile; fileRef = A1B6359F2C975DA700E84AD7 /* ng_font.c */; };
		A1B635AC2C975DA700E84AD7 /* ng_gl.c in Sources */ = {isa = PBXBuildFile; fileRef = A1B635A22C975DA700E84AD7 /* ng_gl.c */; };
		A1B635AD2C975DA700E84AD7 /* glad.c in Sources */ = {isa = PBXBuildFile; fileRef = A1B635A42C975DA700E84AD7 /* glad.c */; };
		A1B635AE2C975DA700E84AD7 /* ng_shaders.c in Sources */ = {isa = PBXBuildFile; fileRef = A1B635A72C975DA700E84AD7 /* ng_shaders.c */; };
		A1D472E02C977A4E00F5DD24 /* _ng_font0.c in Sources */ = {isa = PBXBuildFile; fileRef = A1D472DF2C97760600F5DD24 /* _ng_font0.c */; };
		A1F06C392C99E85600A7A979 /* ng_loadUI.c in Sources */ = {isa = PBXBuildFile; fileRef = A1F06C382C99E85600A7A979 /* ng_loadUI.c */; };
		A1FEAE412C943661004EA125 /* emu_main.c in Sources */ = {isa = PBXBuildFile; fileRef = A1FEAE402C943661004EA125 /* emu_main.c */; };
		A1FEAE492C943676004EA125 /* OpenGL.framework in Frameworks */ = {isa = PBXBuildFile; fileRef = A1FEAE482C943676004EA125 /* OpenGL.framework */; };
/* End PBXBuildFile section */

/* Begin PBXCopyFilesBuildPhase section */
		A1B635932C975CCE00E84AD7 /* Embed Libraries */ = {
			isa = PBXCopyFilesBuildPhase;
			buildActionMask = 2147483647;
			dstPath = "";
			dstSubfolderSpec = 10;
			files = (
				A1B635992C975D4E00E84AD7 /* libglfw.3.3.dylib in Embed Libraries */,
			);
			name = "Embed Libraries";
			runOnlyForDeploymentPostprocessing = 0;
		};
		A1FEAE3B2C943661004EA125 /* CopyFiles */ = {
			isa = PBXCopyFilesBuildPhase;
			buildActionMask = 2147483647;
			dstPath = usr/share/man/man1;
			dstSubfolderSpec = 7;
			files = (
			);
			runOnlyForDeploymentPostprocessing = 1;
		};
/* End PBXCopyFilesBuildPhase section */

/* Begin PBXFileReference section */
		A1316A622C9CA7E600551436 /* prog0asm.s */ = {isa = PBXFileReference; explicitFileType = sourcecode.nasm; path = prog0asm.s; sourceTree = "<group>"; };
		A14F31CA2C9D917B008FC5E6 /* prog0asm.o */ = {isa = PBXFileReference; lastKnownFileType = "compiled.mach-o.objfile"; path = prog0asm.o; sourceTree = "<group>"; };
		A14F31CC2C9D9366008FC5E6 /* emu_asm.s */ = {isa = PBXFileReference; lastKnownFileType = sourcecode.asm; path = emu_asm.s; sourceTree = "<group>"; };
		A158E7072C981BE9002D5A60 /* _ng_font1.c */ = {isa = PBXFileReference; fileEncoding = 4; lastKnownFileType = sourcecode.c.c; path = _ng_font1.c; sourceTree = "<group>"; };
		A18E2FFB2C9F405900CBF85F /* prog1asm.s */ = {isa = PBXFileReference; lastKnownFileType = sourcecode.asm; path = prog1asm.s; sourceTree = "<group>"; };
		A19534F12C9A0EA2005751E8 /* prog.h */ = {isa = PBXFileReference; lastKnownFileType = sourcecode.c.h; path = prog.h; sourceTree = "<group>"; };
		A19534F22C9A0EA2005751E8 /* prog0.c */ = {isa = PBXFileReference; lastKnownFileType = sourcecode.c.c; path = prog0.c; sourceTree = "<group>"; };
		A19534F42C9A1140005751E8 /* emu_main.h */ = {isa = PBXFileReference; lastKnownFileType = sourcecode.c.h; path = emu_main.h; sourceTree = "<group>"; };
		A1B635972C975D4E00E84AD7 /* libglfw.3.3.dylib */ = {isa = PBXFileReference; lastKnownFileType = "compiled.mach-o.dylib"; name = libglfw.3.3.dylib; path = ../../../../usr/local/Cellar/glfw/3.3.10/lib/libglfw.3.3.dylib; sourceTree = "<group>"; };
		A1B6359B2C975DA700E84AD7 /* ng_gl.h */ = {isa = PBXFileReference; fileEncoding = 4; lastKnownFileType = sourcecode.c.h; path = ng_gl.h; sourceTree = "<group>"; };
		A1B6359C2C975DA700E84AD7 /* ng_window.c */ = {isa = PBXFileReference; fileEncoding = 4; lastKnownFileType = sourcecode.c.c; path = ng_window.c; sourceTree = "<group>"; };
		A1B6359D2C975DA700E84AD7 /* ngraphics.c */ = {isa = PBXFileReference; fileEncoding = 4; lastKnownFileType = sourcecode.c.c; path = ngraphics.c; sourceTree = "<group>"; };
		A1B6359E2C975DA700E84AD7 /* ng_texture.c */ = {isa = PBXFileReference; fileEncoding = 4; lastKnownFileType = sourcecode.c.c; path = ng_texture.c; sourceTree = "<group>"; };
		A1B6359F2C975DA700E84AD7 /* ng_font.c */ = {isa = PBXFileReference; fileEncoding = 4; lastKnownFileType = sourcecode.c.c; path = ng_font.c; sourceTree = "<group>"; };
		A1B635A02C975DA700E84AD7 /* ng_shaders.h */ = {isa = PBXFileReference; fileEncoding = 4; lastKnownFileType = sourcecode.c.h; path = ng_shaders.h; sourceTree = "<group>"; };
		A1B635A12C975DA700E84AD7 /* ng_window.h */ = {isa = PBXFileReference; fileEncoding = 4; lastKnownFileType = sourcecode.c.h; path = ng_window.h; sourceTree = "<group>"; };
		A1B635A22C975DA700E84AD7 /* ng_gl.c */ = {isa = PBXFileReference; fileEncoding = 4; lastKnownFileType = sourcecode.c.c; path = ng_gl.c; sourceTree = "<group>"; };
		A1B635A32C975DA700E84AD7 /* ngraphics.h */ = {isa = PBXFileReference; fileEncoding = 4; lastKnownFileType = sourcecode.c.h; path = ngraphics.h; sourceTree = "<group>"; };
		A1B635A42C975DA700E84AD7 /* glad.c */ = {isa = PBXFileReference; fileEncoding = 4; lastKnownFileType = sourcecode.c.c; path = glad.c; sourceTree = "<group>"; };
		A1B635A52C975DA700E84AD7 /* ng_font.h */ = {isa = PBXFileReference; fileEncoding = 4; lastKnownFileType = sourcecode.c.h; path = ng_font.h; sourceTree = "<group>"; };
		A1B635A62C975DA700E84AD7 /* ng_texture.h */ = {isa = PBXFileReference; fileEncoding = 4; lastKnownFileType = sourcecode.c.h; path = ng_texture.h; sourceTree = "<group>"; };
		A1B635A72C975DA700E84AD7 /* ng_shaders.c */ = {isa = PBXFileReference; fileEncoding = 4; lastKnownFileType = sourcecode.c.c; path = ng_shaders.c; sourceTree = "<group>"; };
		A1D472DF2C97760600F5DD24 /* _ng_font0.c */ = {isa = PBXFileReference; fileEncoding = 4; lastKnownFileType = sourcecode.c.c; path = _ng_font0.c; sourceTree = "<group>"; };
		A1F06C372C99E85600A7A979 /* ng_loadUI.h */ = {isa = PBXFileReference; lastKnownFileType = sourcecode.c.h; path = ng_loadUI.h; sourceTree = "<group>"; };
		A1F06C382C99E85600A7A979 /* ng_loadUI.c */ = {isa = PBXFileReference; lastKnownFileType = sourcecode.c.c; path = ng_loadUI.c; sourceTree = "<group>"; };
		A1FEAE3D2C943661004EA125 /* Emulator */ = {isa = PBXFileReference; explicitFileType = "compiled.mach-o.executable"; includeInIndex = 0; path = Emulator; sourceTree = BUILT_PRODUCTS_DIR; };
		A1FEAE402C943661004EA125 /* emu_main.c */ = {isa = PBXFileReference; lastKnownFileType = sourcecode.c.c; path = emu_main.c; sourceTree = "<group>"; };
		A1FEAE482C943676004EA125 /* OpenGL.framework */ = {isa = PBXFileReference; lastKnownFileType = wrapper.framework; name = OpenGL.framework; path = System/Library/Frameworks/OpenGL.framework; sourceTree = SDKROOT; };
/* End PBXFileReference section */

/* Begin PBXFrameworksBuildPhase section */
		A1FEAE3A2C943661004EA125 /* Frameworks */ = {
			isa = PBXFrameworksBuildPhase;
			buildActionMask = 2147483647;
			files = (
				A1B635982C975D4E00E84AD7 /* libglfw.3.3.dylib in Frameworks */,
				A1FEAE492C943676004EA125 /* OpenGL.framework in Frameworks */,
				A14F31CB2C9D917B008FC5E6 /* prog0asm.o in Frameworks */,
			);
			runOnlyForDeploymentPostprocessing = 0;
		};
/* End PBXFrameworksBuildPhase section */

/* Begin PBXGroup section */
		A18E30022C9F4AAB00CBF85F /* prog1 */ = {
			isa = PBXGroup;
			children = (
				A14F31CA2C9D917B008FC5E6 /* prog0asm.o */,
				A1316A622C9CA7E600551436 /* prog0asm.s */,
			);
			path = prog1;
			sourceTree = "<group>";
		};
		A18E30032C9F4B0E00CBF85F /* prog2 */ = {
			isa = PBXGroup;
			children = (
				A18E2FFB2C9F405900CBF85F /* prog1asm.s */,
			);
			path = prog2;
			sourceTree = "<group>";
		};
		A18E30052C9F4B7400CBF85F /* prog0 */ = {
			isa = PBXGroup;
			children = (
				A19534F22C9A0EA2005751E8 /* prog0.c */,
			);
			path = prog0;
			sourceTree = "<group>";
		};
		A19534F02C99EF27005751E8 /* programs */ = {
			isa = PBXGroup;
			children = (
				A18E30052C9F4B7400CBF85F /* prog0 */,
				A18E30022C9F4AAB00CBF85F /* prog1 */,
				A18E30032C9F4B0E00CBF85F /* prog2 */,
				A19534F12C9A0EA2005751E8 /* prog.h */,
			);
			path = programs;
			sourceTree = "<group>";
		};
		A1B6359A2C975DA700E84AD7 /* nGraphics */ = {
			isa = PBXGroup;
			children = (
				A1D472DF2C97760600F5DD24 /* _ng_font0.c */,
				A158E7072C981BE9002D5A60 /* _ng_font1.c */,
				A1B6359B2C975DA700E84AD7 /* ng_gl.h */,
				A1B6359C2C975DA700E84AD7 /* ng_window.c */,
				A1B6359D2C975DA700E84AD7 /* ngraphics.c */,
				A1B6359E2C975DA700E84AD7 /* ng_texture.c */,
				A1B6359F2C975DA700E84AD7 /* ng_font.c */,
				A1B635A02C975DA700E84AD7 /* ng_shaders.h */,
				A1B635A12C975DA700E84AD7 /* ng_window.h */,
				A1B635A22C975DA700E84AD7 /* ng_gl.c */,
				A1B635A32C975DA700E84AD7 /* ngraphics.h */,
				A1B635A42C975DA700E84AD7 /* glad.c */,
				A1B635A52C975DA700E84AD7 /* ng_font.h */,
				A1B635A62C975DA700E84AD7 /* ng_texture.h */,
				A1B635A72C975DA700E84AD7 /* ng_shaders.c */,
				A1F06C372C99E85600A7A979 /* ng_loadUI.h */,
				A1F06C382C99E85600A7A979 /* ng_loadUI.c */,
			);
			path = nGraphics;
			sourceTree = "<group>";
		};
		A1FEAE342C943661004EA125 = {
			isa = PBXGroup;
			children = (
				A1FEAE3F2C943661004EA125 /* Emulator */,
				A1FEAE3E2C943661004EA125 /* Products */,
				A1FEAE472C943675004EA125 /* Frameworks */,
			);
			sourceTree = "<group>";
		};
		A1FEAE3E2C943661004EA125 /* Products */ = {
			isa = PBXGroup;
			children = (
				A1FEAE3D2C943661004EA125 /* Emulator */,
			);
			name = Products;
			sourceTree = "<group>";
		};
		A1FEAE3F2C943661004EA125 /* Emulator */ = {
			isa = PBXGroup;
			children = (
				A19534F02C99EF27005751E8 /* programs */,
				A1B6359A2C975DA700E84AD7 /* nGraphics */,
				A1FEAE402C943661004EA125 /* emu_main.c */,
				A19534F42C9A1140005751E8 /* emu_main.h */,
				A14F31CC2C9D9366008FC5E6 /* emu_asm.s */,
			);
			path = Emulator;
			sourceTree = "<group>";
		};
		A1FEAE472C943675004EA125 /* Frameworks */ = {
			isa = PBXGroup;
			children = (
				A1B635972C975D4E00E84AD7 /* libglfw.3.3.dylib */,
				A1FEAE482C943676004EA125 /* OpenGL.framework */,
			);
			name = Frameworks;
			sourceTree = "<group>";
		};
/* End PBXGroup section */

/* Begin PBXNativeTarget section */
		A1FEAE3C2C943661004EA125 /* Emulator */ = {
			isa = PBXNativeTarget;
			buildConfigurationList = A1FEAE442C943661004EA125 /* Build configuration list for PBXNativeTarget "Emulator" */;
			buildPhases = (
				A1FEAE392C943661004EA125 /* Sources */,
				A1FEAE3A2C943661004EA125 /* Frameworks */,
				A1FEAE3B2C943661004EA125 /* CopyFiles */,
				A1B635932C975CCE00E84AD7 /* Embed Libraries */,
			);
			buildRules = (
			);
			dependencies = (
			);
			name = Emulator;
			productName = Emulator;
			productReference = A1FEAE3D2C943661004EA125 /* Emulator */;
			productType = "com.apple.product-type.tool";
		};
/* End PBXNativeTarget section */

/* Begin PBXProject section */
		A1FEAE352C943661004EA125 /* Project object */ = {
			isa = PBXProject;
			attributes = {
				BuildIndependentTargetsInParallel = 1;
				LastUpgradeCheck = 1420;
				TargetAttributes = {
					A1FEAE3C2C943661004EA125 = {
						CreatedOnToolsVersion = 14.2;
					};
				};
			};
			buildConfigurationList = A1FEAE382C943661004EA125 /* Build configuration list for PBXProject "Emulator" */;
			compatibilityVersion = "Xcode 14.0";
			developmentRegion = en;
			hasScannedForEncodings = 0;
			knownRegions = (
				en,
				Base,
			);
			mainGroup = A1FEAE342C943661004EA125;
			productRefGroup = A1FEAE3E2C943661004EA125 /* Products */;
			projectDirPath = "";
			projectRoot = "";
			targets = (
				A1FEAE3C2C943661004EA125 /* Emulator */,
			);
		};
/* End PBXProject section */

/* Begin PBXSourcesBuildPhase section */
		A1FEAE392C943661004EA125 /* Sources */ = {
			isa = PBXSourcesBuildPhase;
			buildActionMask = 2147483647;
			files = (
				A1D472E02C977A4E00F5DD24 /* _ng_font0.c in Sources */,
				A1B635A92C975DA700E84AD7 /* ngraphics.c in Sources */,
				A18E30042C9F4B3B00CBF85F /* prog0.c in Sources */,
				A1B635AB2C975DA700E84AD7 /* ng_font.c in Sources */,
				A1B635A82C975DA700E84AD7 /* ng_window.c in Sources */,
				A1B635AE2C975DA700E84AD7 /* ng_shaders.c in Sources */,
				A158E7082C981BE9002D5A60 /* _ng_font1.c in Sources */,
				A1B635AC2C975DA700E84AD7 /* ng_gl.c in Sources */,
				A1B635AA2C975DA700E84AD7 /* ng_texture.c in Sources */,
				A1FEAE412C943661004EA125 /* emu_main.c in Sources */,
				A1B635AD2C975DA700E84AD7 /* glad.c in Sources */,
				A1F06C392C99E85600A7A979 /* ng_loadUI.c in Sources */,
			);
			runOnlyForDeploymentPostprocessing = 0;
		};
/* End PBXSourcesBuildPhase section */

/* Begin XCBuildConfiguration section */
		A1FEAE422C943661004EA125 /* Debug */ = {
			isa = XCBuildConfiguration;
			buildSettings = {
				ALWAYS_SEARCH_USER_PATHS = NO;
				CLANG_ANALYZER_NONNULL = YES;
				CLANG_ANALYZER_NUMBER_OBJECT_CONVERSION = YES_AGGRESSIVE;
				CLANG_CXX_LANGUAGE_STANDARD = "gnu++20";
				CLANG_ENABLE_MODULES = YES;
				CLANG_ENABLE_OBJC_ARC = YES;
				CLANG_ENABLE_OBJC_WEAK = YES;
				CLANG_WARN_BLOCK_CAPTURE_AUTORELEASING = YES;
				CLANG_WARN_BOOL_CONVERSION = YES;
				CLANG_WARN_COMMA = YES;
				CLANG_WARN_CONSTANT_CONVERSION = YES;
				CLANG_WARN_DEPRECATED_OBJC_IMPLEMENTATIONS = YES;
				CLANG_WARN_DIRECT_OBJC_ISA_USAGE = YES_ERROR;
				CLANG_WARN_DOCUMENTATION_COMMENTS = YES;
				CLANG_WARN_EMPTY_BODY = YES;
				CLANG_WARN_ENUM_CONVERSION = YES;
				CLANG_WARN_INFINITE_RECURSION = YES;
				CLANG_WARN_INT_CONVERSION = YES;
				CLANG_WARN_NON_LITERAL_NULL_CONVERSION = YES;
				CLANG_WARN_OBJC_IMPLICIT_RETAIN_SELF = YES;
				CLANG_WARN_OBJC_LITERAL_CONVERSION = YES;
				CLANG_WARN_OBJC_ROOT_CLASS = YES_ERROR;
				CLANG_WARN_QUOTED_INCLUDE_IN_FRAMEWORK_HEADER = YES;
				CLANG_WARN_RANGE_LOOP_ANALYSIS = YES;
				CLANG_WARN_STRICT_PROTOTYPES = YES;
				CLANG_WARN_SUSPICIOUS_MOVE = YES;
				CLANG_WARN_UNGUARDED_AVAILABILITY = YES_AGGRESSIVE;
				CLANG_WARN_UNREACHABLE_CODE = YES;
				CLANG_WARN__DUPLICATE_METHOD_MATCH = YES;
				COPY_PHASE_STRIP = NO;
				DEBUG_INFORMATION_FORMAT = dwarf;
				ENABLE_STRICT_OBJC_MSGSEND = YES;
				ENABLE_TESTABILITY = YES;
				GCC_C_LANGUAGE_STANDARD = gnu11;
				GCC_DYNAMIC_NO_PIC = NO;
				GCC_NO_COMMON_BLOCKS = YES;
				GCC_OPTIMIZATION_LEVEL = 0;
				GCC_PREPROCESSOR_DEFINITIONS = (
					"DEBUG=1",
					"$(inherited)",
				);
				GCC_WARN_64_TO_32_BIT_CONVERSION = YES;
				GCC_WARN_ABOUT_RETURN_TYPE = YES_ERROR;
				GCC_WARN_UNDECLARED_SELECTOR = YES;
				GCC_WARN_UNINITIALIZED_AUTOS = YES_AGGRESSIVE;
				GCC_WARN_UNUSED_FUNCTION = YES;
				GCC_WARN_UNUSED_VARIABLE = YES;
				MACOSX_DEPLOYMENT_TARGET = 12.7;
				MTL_ENABLE_DEBUG_INFO = INCLUDE_SOURCE;
				MTL_FAST_MATH = YES;
				ONLY_ACTIVE_ARCH = YES;
				SDKROOT = macosx;
			};
			name = Debug;
		};
		A1FEAE432C943661004EA125 /* Release */ = {
			isa = XCBuildConfiguration;
			buildSettings = {
				ALWAYS_SEARCH_USER_PATHS = NO;
				CLANG_ANALYZER_NONNULL = YES;
				CLANG_ANALYZER_NUMBER_OBJECT_CONVERSION = YES_AGGRESSIVE;
				CLANG_CXX_LANGUAGE_STANDARD = "gnu++20";
				CLANG_ENABLE_MODULES = YES;
				CLANG_ENABLE_OBJC_ARC = YES;
				CLANG_ENABLE_OBJC_WEAK = YES;
				CLANG_WARN_BLOCK_CAPTURE_AUTORELEASING = YES;
				CLANG_WARN_BOOL_CONVERSION = YES;
				CLANG_WARN_COMMA = YES;
				CLANG_WARN_CONSTANT_CONVERSION = YES;
				CLANG_WARN_DEPRECATED_OBJC_IMPLEMENTATIONS = YES;
				CLANG_WARN_DIRECT_OBJC_ISA_USAGE = YES_ERROR;
				CLANG_WARN_DOCUMENTATION_COMMENTS = YES;
				CLANG_WARN_EMPTY_BODY = YES;
				CLANG_WARN_ENUM_CONVERSION = YES;
				CLANG_WARN_INFINITE_RECURSION = YES;
				CLANG_WARN_INT_CONVERSION = YES;
				CLANG_WARN_NON_LITERAL_NULL_CONVERSION = YES;
				CLANG_WARN_OBJC_IMPLICIT_RETAIN_SELF = YES;
				CLANG_WARN_OBJC_LITERAL_CONVERSION = YES;
				CLANG_WARN_OBJC_ROOT_CLASS = YES_ERROR;
				CLANG_WARN_QUOTED_INCLUDE_IN_FRAMEWORK_HEADER = YES;
				CLANG_WARN_RANGE_LOOP_ANALYSIS = YES;
				CLANG_WARN_STRICT_PROTOTYPES = YES;
				CLANG_WARN_SUSPICIOUS_MOVE = YES;
				CLANG_WARN_UNGUARDED_AVAILABILITY = YES_AGGRESSIVE;
				CLANG_WARN_UNREACHABLE_CODE = YES;
				CLANG_WARN__DUPLICATE_METHOD_MATCH = YES;
				COPY_PHASE_STRIP = NO;
				DEBUG_INFORMATION_FORMAT = "dwarf-with-dsym";
				ENABLE_NS_ASSERTIONS = NO;
				ENABLE_STRICT_OBJC_MSGSEND = YES;
				GCC_C_LANGUAGE_STANDARD = gnu11;
				GCC_NO_COMMON_BLOCKS = YES;
				GCC_WARN_64_TO_32_BIT_CONVERSION = YES;
				GCC_WARN_ABOUT_RETURN_TYPE = YES_ERROR;
				GCC_WARN_UNDECLARED_SELECTOR = YES;
				GCC_WARN_UNINITIALIZED_AUTOS = YES_AGGRESSIVE;
				GCC_WARN_UNUSED_FUNCTION = YES;
				GCC_WARN_UNUSED_VARIABLE = YES;
				MACOSX_DEPLOYMENT_TARGET = 12.7;
				MTL_ENABLE_DEBUG_INFO = NO;
				MTL_FAST_MATH = YES;
				SDKROOT = macosx;
			};
			name = Release;
		};
		A1FEAE452C943661004EA125 /* Debug */ = {
			isa = XCBuildConfiguration;
			buildSettings = {
				CODE_SIGN_STYLE = Automatic;
				DEVELOPMENT_ASSET_PATHS = "";
				HEADER_SEARCH_PATHS = /usr/local/include;
				LIBRARY_SEARCH_PATHS = (
					"$(inherited)",
					/usr/local/Cellar/glfw/3.3.10/lib,
					/usr/local/Cellar/glew/2.2.0_1/lib,
				);
				PRODUCT_NAME = "$(TARGET_NAME)";
			};
			name = Debug;
		};
		A1FEAE462C943661004EA125 /* Release */ = {
			isa = XCBuildConfiguration;
			buildSettings = {
				CODE_SIGN_STYLE = Automatic;
				DEVELOPMENT_ASSET_PATHS = "";
				HEADER_SEARCH_PATHS = /usr/local/include;
				LIBRARY_SEARCH_PATHS = (
					"$(inherited)",
					/usr/local/Cellar/glfw/3.3.10/lib,
					/usr/local/Cellar/glew/2.2.0_1/lib,
				);
				PRODUCT_NAME = "$(TARGET_NAME)";
			};
			name = Release;
		};
/* End XCBuildConfiguration section */

/* Begin XCConfigurationList section */
		A1FEAE382C943661004EA125 /* Build configuration list for PBXProject "Emulator" */ = {
			isa = XCConfigurationList;
			buildConfigurations = (
				A1FEAE422C943661004EA125 /* Debug */,
				A1FEAE432C943661004EA125 /* Release */,
			);
			defaultConfigurationIsVisible = 0;
			defaultConfigurationName = Release;
		};
		A1FEAE442C943661004EA125 /* Build configuration list for PBXNativeTarget "Emulator" */ = {
			isa = XCConfigurationList;
			buildConfigurations = (
				A1FEAE452C943661004EA125 /* Debug */,
				A1FEAE462C943661004EA125 /* Release */,
			);
			defaultConfigurationIsVisible = 0;
			defaultConfigurationName = Release;
		};
/* End XCConfigurationList section */
	};
	rootObject = A1FEAE352C943661004EA125 /* Project object */;
}
