// !$*UTF8*$!
{
	archiveVersion = 1;
	classes = {
	};
	objectVersion = 56;
	objects = {

/* Begin PBXBuildFile section */
		A137B7852C94ABEF004E9FE0 /* shaders.c in Sources */ = {isa = PBXBuildFile; fileRef = A137B7842C94ABEF004E9FE0 /* shaders.c */; };
		A1FEAE412C943661004EA125 /* main.c in Sources */ = {isa = PBXBuildFile; fileRef = A1FEAE402C943661004EA125 /* main.c */; };
		A1FEAE492C943676004EA125 /* OpenGL.framework in Frameworks */ = {isa = PBXBuildFile; fileRef = A1FEAE482C943676004EA125 /* OpenGL.framework */; };
		A1FEAE4B2C9436CD004EA125 /* libglfw.3.3.dylib in Frameworks */ = {isa = PBXBuildFile; fileRef = A1FEAE4A2C9436CD004EA125 /* libglfw.3.3.dylib */; };
		A1FEAE4C2C9436CD004EA125 /* libglfw.3.3.dylib in Embed Libraries */ = {isa = PBXBuildFile; fileRef = A1FEAE4A2C9436CD004EA125 /* libglfw.3.3.dylib */; settings = {ATTRIBUTES = (CodeSignOnCopy, ); }; };
		A1FEAE512C943BC3004EA125 /* libGLEW.2.2.0.dylib in Frameworks */ = {isa = PBXBuildFile; fileRef = A1FEAE4E2C9436E1004EA125 /* libGLEW.2.2.0.dylib */; };
		A1FEAE522C943BC3004EA125 /* libGLEW.2.2.0.dylib in Embed Libraries */ = {isa = PBXBuildFile; fileRef = A1FEAE4E2C9436E1004EA125 /* libGLEW.2.2.0.dylib */; settings = {ATTRIBUTES = (CodeSignOnCopy, ); }; };
		A1FEAE542C943E88004EA125 /* glad.c in Sources */ = {isa = PBXBuildFile; fileRef = A1FEAE532C943E88004EA125 /* glad.c */; };
/* End PBXBuildFile section */

/* Begin PBXCopyFilesBuildPhase section */
		A1FEAE3B2C943661004EA125 /* CopyFiles */ = {
			isa = PBXCopyFilesBuildPhase;
			buildActionMask = 2147483647;
			dstPath = /usr/share/man/man1/;
			dstSubfolderSpec = 0;
			files = (
			);
			runOnlyForDeploymentPostprocessing = 1;
		};
		A1FEAE4D2C9436CD004EA125 /* Embed Libraries */ = {
			isa = PBXCopyFilesBuildPhase;
			buildActionMask = 2147483647;
			dstPath = "";
			dstSubfolderSpec = 10;
			files = (
				A1FEAE4C2C9436CD004EA125 /* libglfw.3.3.dylib in Embed Libraries */,
				A1FEAE522C943BC3004EA125 /* libGLEW.2.2.0.dylib in Embed Libraries */,
			);
			name = "Embed Libraries";
			runOnlyForDeploymentPostprocessing = 0;
		};
/* End PBXCopyFilesBuildPhase section */

/* Begin PBXFileReference section */
		A137B7832C94ABEF004E9FE0 /* shaders.h */ = {isa = PBXFileReference; lastKnownFileType = sourcecode.c.h; path = shaders.h; sourceTree = "<group>"; };
		A137B7842C94ABEF004E9FE0 /* shaders.c */ = {isa = PBXFileReference; lastKnownFileType = sourcecode.c.c; path = shaders.c; sourceTree = "<group>"; };
		A1FEAE3D2C943661004EA125 /* Emulator */ = {isa = PBXFileReference; explicitFileType = "compiled.mach-o.executable"; includeInIndex = 0; path = Emulator; sourceTree = BUILT_PRODUCTS_DIR; };
		A1FEAE402C943661004EA125 /* main.c */ = {isa = PBXFileReference; lastKnownFileType = sourcecode.c.c; path = main.c; sourceTree = "<group>"; };
		A1FEAE482C943676004EA125 /* OpenGL.framework */ = {isa = PBXFileReference; lastKnownFileType = wrapper.framework; name = OpenGL.framework; path = System/Library/Frameworks/OpenGL.framework; sourceTree = SDKROOT; };
		A1FEAE4A2C9436CD004EA125 /* libglfw.3.3.dylib */ = {isa = PBXFileReference; lastKnownFileType = "compiled.mach-o.dylib"; name = libglfw.3.3.dylib; path = ../../../../usr/local/Cellar/glfw/3.3.10/lib/libglfw.3.3.dylib; sourceTree = "<group>"; };
		A1FEAE4E2C9436E1004EA125 /* libGLEW.2.2.0.dylib */ = {isa = PBXFileReference; lastKnownFileType = "compiled.mach-o.dylib"; name = libGLEW.2.2.0.dylib; path = ../../../../usr/local/Cellar/glew/2.2.0_1/lib/libGLEW.2.2.0.dylib; sourceTree = "<group>"; };
		A1FEAE532C943E88004EA125 /* glad.c */ = {isa = PBXFileReference; fileEncoding = 4; lastKnownFileType = sourcecode.c.c; path = glad.c; sourceTree = "<group>"; };
/* End PBXFileReference section */

/* Begin PBXFrameworksBuildPhase section */
		A1FEAE3A2C943661004EA125 /* Frameworks */ = {
			isa = PBXFrameworksBuildPhase;
			buildActionMask = 2147483647;
			files = (
				A1FEAE4B2C9436CD004EA125 /* libglfw.3.3.dylib in Frameworks */,
				A1FEAE512C943BC3004EA125 /* libGLEW.2.2.0.dylib in Frameworks */,
				A1FEAE492C943676004EA125 /* OpenGL.framework in Frameworks */,
			);
			runOnlyForDeploymentPostprocessing = 0;
		};
/* End PBXFrameworksBuildPhase section */

/* Begin PBXGroup section */
		A1FEAE342C943661004EA125 = {
			isa = PBXGroup;
			children = (
				A1FEAE3F2C943661004EA125 /* Emulator */,
				A1FEAE3E2C943661004EA125 /* Products */,
				A1FEAE472C943675004EA125 /* Frameworks */,
			);
			sourceTree = "<group>";
		};
		A1FEAE3E2C943661004EA125 /* Products */ = {
			isa = PBXGroup;
			children = (
				A1FEAE3D2C943661004EA125 /* Emulator */,
			);
			name = Products;
			sourceTree = "<group>";
		};
		A1FEAE3F2C943661004EA125 /* Emulator */ = {
			isa = PBXGroup;
			children = (
				A1FEAE532C943E88004EA125 /* glad.c */,
				A1FEAE402C943661004EA125 /* main.c */,
				A137B7832C94ABEF004E9FE0 /* shaders.h */,
				A137B7842C94ABEF004E9FE0 /* shaders.c */,
			);
			path = Emulator;
			sourceTree = "<group>";
		};
		A1FEAE472C943675004EA125 /* Frameworks */ = {
			isa = PBXGroup;
			children = (
				A1FEAE4E2C9436E1004EA125 /* libGLEW.2.2.0.dylib */,
				A1FEAE4A2C9436CD004EA125 /* libglfw.3.3.dylib */,
				A1FEAE482C943676004EA125 /* OpenGL.framework */,
			);
			name = Frameworks;
			sourceTree = "<group>";
		};
/* End PBXGroup section */

/* Begin PBXNativeTarget section */
		A1FEAE3C2C943661004EA125 /* Emulator */ = {
			isa = PBXNativeTarget;
			buildConfigurationList = A1FEAE442C943661004EA125 /* Build configuration list for PBXNativeTarget "Emulator" */;
			buildPhases = (
				A1FEAE392C943661004EA125 /* Sources */,
				A1FEAE3A2C943661004EA125 /* Frameworks */,
				A1FEAE3B2C943661004EA125 /* CopyFiles */,
				A1FEAE4D2C9436CD004EA125 /* Embed Libraries */,
			);
			buildRules = (
			);
			dependencies = (
			);
			name = Emulator;
			productName = Emulator;
			productReference = A1FEAE3D2C943661004EA125 /* Emulator */;
			productType = "com.apple.product-type.tool";
		};
/* End PBXNativeTarget section */

/* Begin PBXProject section */
		A1FEAE352C943661004EA125 /* Project object */ = {
			isa = PBXProject;
			attributes = {
				BuildIndependentTargetsInParallel = 1;
				LastUpgradeCheck = 1420;
				TargetAttributes = {
					A1FEAE3C2C943661004EA125 = {
						CreatedOnToolsVersion = 14.2;
					};
				};
			};
			buildConfigurationList = A1FEAE382C943661004EA125 /* Build configuration list for PBXProject "Emulator" */;
			compatibilityVersion = "Xcode 14.0";
			developmentRegion = en;
			hasScannedForEncodings = 0;
			knownRegions = (
				en,
				Base,
			);
			mainGroup = A1FEAE342C943661004EA125;
			productRefGroup = A1FEAE3E2C943661004EA125 /* Products */;
			projectDirPath = "";
			projectRoot = "";
			targets = (
				A1FEAE3C2C943661004EA125 /* Emulator */,
			);
		};
/* End PBXProject section */

/* Begin PBXSourcesBuildPhase section */
		A1FEAE392C943661004EA125 /* Sources */ = {
			isa = PBXSourcesBuildPhase;
			buildActionMask = 2147483647;
			files = (
				A1FEAE412C943661004EA125 /* main.c in Sources */,
				A137B7852C94ABEF004E9FE0 /* shaders.c in Sources */,
				A1FEAE542C943E88004EA125 /* glad.c in Sources */,
			);
			runOnlyForDeploymentPostprocessing = 0;
		};
/* End PBXSourcesBuildPhase section */

/* Begin XCBuildConfiguration section */
		A1FEAE422C943661004EA125 /* Debug */ = {
			isa = XCBuildConfiguration;
			buildSettings = {
				ALWAYS_SEARCH_USER_PATHS = NO;
				CLANG_ANALYZER_NONNULL = YES;
				CLANG_ANALYZER_NUMBER_OBJECT_CONVERSION = YES_AGGRESSIVE;
				CLANG_CXX_LANGUAGE_STANDARD = "gnu++20";
				CLANG_ENABLE_MODULES = YES;
				CLANG_ENABLE_OBJC_ARC = YES;
				CLANG_ENABLE_OBJC_WEAK = YES;
				CLANG_WARN_BLOCK_CAPTURE_AUTORELEASING = YES;
				CLANG_WARN_BOOL_CONVERSION = YES;
				CLANG_WARN_COMMA = YES;
				CLANG_WARN_CONSTANT_CONVERSION = YES;
				CLANG_WARN_DEPRECATED_OBJC_IMPLEMENTATIONS = YES;
				CLANG_WARN_DIRECT_OBJC_ISA_USAGE = YES_ERROR;
				CLANG_WARN_DOCUMENTATION_COMMENTS = YES;
				CLANG_WARN_EMPTY_BODY = YES;
				CLANG_WARN_ENUM_CONVERSION = YES;
				CLANG_WARN_INFINITE_RECURSION = YES;
				CLANG_WARN_INT_CONVERSION = YES;
				CLANG_WARN_NON_LITERAL_NULL_CONVERSION = YES;
				CLANG_WARN_OBJC_IMPLICIT_RETAIN_SELF = YES;
				CLANG_WARN_OBJC_LITERAL_CONVERSION = YES;
				CLANG_WARN_OBJC_ROOT_CLASS = YES_ERROR;
				CLANG_WARN_QUOTED_INCLUDE_IN_FRAMEWORK_HEADER = YES;
				CLANG_WARN_RANGE_LOOP_ANALYSIS = YES;
				CLANG_WARN_STRICT_PROTOTYPES = YES;
				CLANG_WARN_SUSPICIOUS_MOVE = YES;
				CLANG_WARN_UNGUARDED_AVAILABILITY = YES_AGGRESSIVE;
				CLANG_WARN_UNREACHABLE_CODE = YES;
				CLANG_WARN__DUPLICATE_METHOD_MATCH = YES;
				COPY_PHASE_STRIP = NO;
				DEBUG_INFORMATION_FORMAT = dwarf;
				ENABLE_STRICT_OBJC_MSGSEND = YES;
				ENABLE_TESTABILITY = YES;
				GCC_C_LANGUAGE_STANDARD = gnu11;
				GCC_DYNAMIC_NO_PIC = NO;
				GCC_NO_COMMON_BLOCKS = YES;
				GCC_OPTIMIZATION_LEVEL = 0;
				GCC_PREPROCESSOR_DEFINITIONS = (
					"DEBUG=1",
					"$(inherited)",
				);
				GCC_WARN_64_TO_32_BIT_CONVERSION = YES;
				GCC_WARN_ABOUT_RETURN_TYPE = YES_ERROR;
				GCC_WARN_UNDECLARED_SELECTOR = YES;
				GCC_WARN_UNINITIALIZED_AUTOS = YES_AGGRESSIVE;
				GCC_WARN_UNUSED_FUNCTION = YES;
				GCC_WARN_UNUSED_VARIABLE = YES;
				MACOSX_DEPLOYMENT_TARGET = 12.7;
				MTL_ENABLE_DEBUG_INFO = INCLUDE_SOURCE;
				MTL_FAST_MATH = YES;
				ONLY_ACTIVE_ARCH = YES;
				SDKROOT = macosx;
			};
			name = Debug;
		};
		A1FEAE432C943661004EA125 /* Release */ = {
			isa = XCBuildConfiguration;
			buildSettings = {
				ALWAYS_SEARCH_USER_PATHS = NO;
				CLANG_ANALYZER_NONNULL = YES;
				CLANG_ANALYZER_NUMBER_OBJECT_CONVERSION = YES_AGGRESSIVE;
				CLANG_CXX_LANGUAGE_STANDARD = "gnu++20";
				CLANG_ENABLE_MODULES = YES;
				CLANG_ENABLE_OBJC_ARC = YES;
				CLANG_ENABLE_OBJC_WEAK = YES;
				CLANG_WARN_BLOCK_CAPTURE_AUTORELEASING = YES;
				CLANG_WARN_BOOL_CONVERSION = YES;
				CLANG_WARN_COMMA = YES;
				CLANG_WARN_CONSTANT_CONVERSION = YES;
				CLANG_WARN_DEPRECATED_OBJC_IMPLEMENTATIONS = YES;
				CLANG_WARN_DIRECT_OBJC_ISA_USAGE = YES_ERROR;
				CLANG_WARN_DOCUMENTATION_COMMENTS = YES;
				CLANG_WARN_EMPTY_BODY = YES;
				CLANG_WARN_ENUM_CONVERSION = YES;
				CLANG_WARN_INFINITE_RECURSION = YES;
				CLANG_WARN_INT_CONVERSION = YES;
				CLANG_WARN_NON_LITERAL_NULL_CONVERSION = YES;
				CLANG_WARN_OBJC_IMPLICIT_RETAIN_SELF = YES;
				CLANG_WARN_OBJC_LITERAL_CONVERSION = YES;
				CLANG_WARN_OBJC_ROOT_CLASS = YES_ERROR;
				CLANG_WARN_QUOTED_INCLUDE_IN_FRAMEWORK_HEADER = YES;
				CLANG_WARN_RANGE_LOOP_ANALYSIS = YES;
				CLANG_WARN_STRICT_PROTOTYPES = YES;
				CLANG_WARN_SUSPICIOUS_MOVE = YES;
				CLANG_WARN_UNGUARDED_AVAILABILITY = YES_AGGRESSIVE;
				CLANG_WARN_UNREACHABLE_CODE = YES;
				CLANG_WARN__DUPLICATE_METHOD_MATCH = YES;
				COPY_PHASE_STRIP = NO;
				DEBUG_INFORMATION_FORMAT = "dwarf-with-dsym";
				ENABLE_NS_ASSERTIONS = NO;
				ENABLE_STRICT_OBJC_MSGSEND = YES;
				GCC_C_LANGUAGE_STANDARD = gnu11;
				GCC_NO_COMMON_BLOCKS = YES;
				GCC_WARN_64_TO_32_BIT_CONVERSION = YES;
				GCC_WARN_ABOUT_RETURN_TYPE = YES_ERROR;
				GCC_WARN_UNDECLARED_SELECTOR = YES;
				GCC_WARN_UNINITIALIZED_AUTOS = YES_AGGRESSIVE;
				GCC_WARN_UNUSED_FUNCTION = YES;
				GCC_WARN_UNUSED_VARIABLE = YES;
				MACOSX_DEPLOYMENT_TARGET = 12.7;
				MTL_ENABLE_DEBUG_INFO = NO;
				MTL_FAST_MATH = YES;
				SDKROOT = macosx;
			};
			name = Release;
		};
		A1FEAE452C943661004EA125 /* Debug */ = {
			isa = XCBuildConfiguration;
			buildSettings = {
				CODE_SIGN_STYLE = Automatic;
				HEADER_SEARCH_PATHS = /usr/local/include;
				LIBRARY_SEARCH_PATHS = (
					"$(inherited)",
					/usr/local/Cellar/glfw/3.3.10/lib,
					/usr/local/Cellar/glew/2.2.0_1/lib,
				);
				PRODUCT_NAME = "$(TARGET_NAME)";
			};
			name = Debug;
		};
		A1FEAE462C943661004EA125 /* Release */ = {
			isa = XCBuildConfiguration;
			buildSettings = {
				CODE_SIGN_STYLE = Automatic;
				HEADER_SEARCH_PATHS = /usr/local/include;
				LIBRARY_SEARCH_PATHS = (
					"$(inherited)",
					/usr/local/Cellar/glfw/3.3.10/lib,
					/usr/local/Cellar/glew/2.2.0_1/lib,
				);
				PRODUCT_NAME = "$(TARGET_NAME)";
			};
			name = Release;
		};
/* End XCBuildConfiguration section */

/* Begin XCConfigurationList section */
		A1FEAE382C943661004EA125 /* Build configuration list for PBXProject "Emulator" */ = {
			isa = XCConfigurationList;
			buildConfigurations = (
				A1FEAE422C943661004EA125 /* Debug */,
				A1FEAE432C943661004EA125 /* Release */,
			);
			defaultConfigurationIsVisible = 0;
			defaultConfigurationName = Release;
		};
		A1FEAE442C943661004EA125 /* Build configuration list for PBXNativeTarget "Emulator" */ = {
			isa = XCConfigurationList;
			buildConfigurations = (
				A1FEAE452C943661004EA125 /* Debug */,
				A1FEAE462C943661004EA125 /* Release */,
			);
			defaultConfigurationIsVisible = 0;
			defaultConfigurationName = Release;
		};
/* End XCConfigurationList section */
	};
	rootObject = A1FEAE352C943661004EA125 /* Project object */;
}
